
Microsoft Visual Studio Solution File, Format Version 12.00
# Visual Studio 2017
Project("{FAE04EC0-301F-11D3-BF4B-00C04F79EFBC}") = "Retros.Application", "Retros.Application.csproj", "{8BF1B890-52EE-4042-9BCF-B8D0D4B2B36B}"
EndProject
Global
	GlobalSection(SolutionConfigurationPlatforms) = preSolution
		Debug|Any CPU = Debug|Any CPU
		Release|Any CPU = Release|Any CPU
	EndGlobalSection
	GlobalSection(ProjectConfigurationPlatforms) = postSolution
		{8BF1B890-52EE-4042-9BCF-B8D0D4B2B36B}.Debug|Any CPU.ActiveCfg = Debug|Any CPU
		{8BF1B890-52EE-4042-9BCF-B8D0D4B2B36B}.Debug|Any CPU.Build.0 = Debug|Any CPU
		{8BF1B890-52EE-4042-9BCF-B8D0D4B2B36B}.Release|Any CPU.ActiveCfg = Release|Any CPU
		{8BF1B890-52EE-4042-9BCF-B8D0D4B2B36B}.Release|Any CPU.Build.0 = Release|Any CPU
	EndGlobalSection
EndGlobal
